
Microsoft Visual Studio Solution File, Format Version 12.00
# Visual Studio 15
Project("{FAE04EC0-301F-11D3-BF4B-00C04F79EFBC}") = "Assembly-CSharp", "Assembly-CSharp.csproj", "{1A052558-7368-1422-2461-7E26DFBD79D8}"
EndProject
Project("{FAE04EC0-301F-11D3-BF4B-00C04F79EFBC}") = "Assembly-CSharp-Editor", "Assembly-CSharp-Editor.csproj", "{DC77DD84-4042-FE8F-3342-E60B574A1B79}"
EndProject
Global
	GlobalSection(SolutionConfigurationPlatforms) = preSolution
		Debug|Any CPU = Debug|Any CPU
		Release|Any CPU = Release|Any CPU
	EndGlobalSection
	GlobalSection(ProjectConfigurationPlatforms) = postSolution
		{1A052558-7368-1422-2461-7E26DFBD79D8}.Debug|Any CPU.ActiveCfg = Debug|Any CPU
		{1A052558-7368-1422-2461-7E26DFBD79D8}.Debug|Any CPU.Build.0 = Debug|Any CPU
		{1A052558-7368-1422-2461-7E26DFBD79D8}.Release|Any CPU.ActiveCfg = Release|Any CPU
		{1A052558-7368-1422-2461-7E26DFBD79D8}.Release|Any CPU.Build.0 = Release|Any CPU
		{DC77DD84-4042-FE8F-3342-E60B574A1B79}.Debug|Any CPU.ActiveCfg = Debug|Any CPU
		{DC77DD84-4042-FE8F-3342-E60B574A1B79}.Debug|Any CPU.Build.0 = Debug|Any CPU
		{DC77DD84-4042-FE8F-3342-E60B574A1B79}.Release|Any CPU.ActiveCfg = Release|Any CPU
		{DC77DD84-4042-FE8F-3342-E60B574A1B79}.Release|Any CPU.Build.0 = Release|Any CPU
	EndGlobalSection
	GlobalSection(SolutionProperties) = preSolution
		HideSolutionNode = FALSE
	EndGlobalSection
EndGlobal
